{
  "name": "pcap-tcpparse",
  "version": "1.0.0",
  "lockfileVersion": 1,
  "requires": true,
  "dependencies": {
    "@astronautlabs/bitstream": {
      "version": "2.1.1",
      "resolved": "https://registry.npmjs.org/@astronautlabs/bitstream/-/bitstream-2.1.1.tgz",
      "integrity": "sha512-PVX0fh/PKiER102F+A4aiC9NgiDuiZXQlvXVdgvANdktvVDeBEO49MS2/2w7jhdMGGTdMlWgkAtFhZ8N0yNUtQ=="
    },
    "pcap-parser": {
      "version": "0.2.1",
      "resolved": "https://registry.npmjs.org/pcap-parser/-/pcap-parser-0.2.1.tgz",
      "integrity": "sha1-Cnl66BDCj/CM6RCLxQnTI7/mqm8="
    }
  }
}
